
Microsoft Visual Studio Solution File, Format Version 12.00
# Visual Studio Version 17
VisualStudioVersion = 17.5.33414.496
MinimumVisualStudioVersion = 10.0.40219.1
Project("{FAE04EC0-301F-11D3-BF4B-00C04F79EFBC}") = "TimeToolbar", "TimeToolbar.csproj", "{A91366A7-C9A4-4305-8DE4-3E9223B05154}"
EndProject
Global
	GlobalSection(SolutionConfigurationPlatforms) = preSolution
		Debug|ARM64 = Debug|ARM64
		Debug|x64 = Debug|x64
		Release|ARM64 = Release|ARM64
		Release|x64 = Release|x64
	EndGlobalSection
	GlobalSection(ProjectConfigurationPlatforms) = postSolution
		{A91366A7-C9A4-4305-8DE4-3E9223B05154}.Debug|ARM64.ActiveCfg = Debug|ARM64
		{A91366A7-C9A4-4305-8DE4-3E9223B05154}.Debug|ARM64.Build.0 = Debug|ARM64
		{A91366A7-C9A4-4305-8DE4-3E9223B05154}.Debug|x64.ActiveCfg = Debug|x64
		{A91366A7-C9A4-4305-8DE4-3E9223B05154}.Debug|x64.Build.0 = Debug|x64
		{A91366A7-C9A4-4305-8DE4-3E9223B05154}.Release|ARM64.ActiveCfg = Release|ARM64
		{A91366A7-C9A4-4305-8DE4-3E9223B05154}.Release|ARM64.Build.0 = Release|ARM64
		{A91366A7-C9A4-4305-8DE4-3E9223B05154}.Release|x64.ActiveCfg = Release|x64
		{A91366A7-C9A4-4305-8DE4-3E9223B05154}.Release|x64.Build.0 = Release|x64
	EndGlobalSection
	GlobalSection(SolutionProperties) = preSolution
		HideSolutionNode = FALSE
	EndGlobalSection
	GlobalSection(ExtensibilityGlobals) = postSolution
		SolutionGuid = {DF680E77-4843-4756-B961-D3A980509B7B}
	EndGlobalSection
EndGlobal
