
Microsoft Visual Studio Solution File, Format Version 12.00
# Visual Studio Version 17
VisualStudioVersion = 17.5.33414.496
MinimumVisualStudioVersion = 10.0.40219.1
Project("{FAE04EC0-301F-11D3-BF4B-00C04F79EFBC}") = "TimeToolbar", "TimeToolbar.csproj", "{A91366A7-C9A4-4305-8DE4-3E9223B05154}"
EndProject
Global
	GlobalSection(SolutionConfigurationPlatforms) = preSolution
		Debug|Any CPU = Debug|Any CPU
		Release|Any CPU = Release|Any CPU
	EndGlobalSection
	GlobalSection(ProjectConfigurationPlatforms) = postSolution
		{A91366A7-C9A4-4305-8DE4-3E9223B05154}.Debug|Any CPU.ActiveCfg = Debug|Any CPU
		{A91366A7-C9A4-4305-8DE4-3E9223B05154}.Debug|Any CPU.Build.0 = Debug|Any CPU
		{A91366A7-C9A4-4305-8DE4-3E9223B05154}.Release|Any CPU.ActiveCfg = Release|Any CPU
		{A91366A7-C9A4-4305-8DE4-3E9223B05154}.Release|Any CPU.Build.0 = Release|Any CPU
	EndGlobalSection
	GlobalSection(SolutionProperties) = preSolution
		HideSolutionNode = FALSE
	EndGlobalSection
	GlobalSection(ExtensibilityGlobals) = postSolution
		SolutionGuid = {DF680E77-4843-4756-B961-D3A980509B7B}
	EndGlobalSection
EndGlobal
